
Microsoft Visual Studio Solution File, Format Version 12.00
# Visual Studio Version 16
VisualStudioVersion = 16.0.30114.105
MinimumVisualStudioVersion = 10.0.40219.1
Project("{FAE04EC0-301F-11D3-BF4B-00C04F79EFBC}") = "CoffeeShop", "CoffeeShop\CoffeeShop.csproj", "{80FE6188-E714-49B1-886E-F41CE498B019}"
EndProject
Global
	GlobalSection(SolutionConfigurationPlatforms) = preSolution
		Debug|Any CPU = Debug|Any CPU
		Release|Any CPU = Release|Any CPU
	EndGlobalSection
	GlobalSection(ProjectConfigurationPlatforms) = postSolution
		{80FE6188-E714-49B1-886E-F41CE498B019}.Debug|Any CPU.ActiveCfg = Debug|Any CPU
		{80FE6188-E714-49B1-886E-F41CE498B019}.Debug|Any CPU.Build.0 = Debug|Any CPU
		{80FE6188-E714-49B1-886E-F41CE498B019}.Release|Any CPU.ActiveCfg = Release|Any CPU
		{80FE6188-E714-49B1-886E-F41CE498B019}.Release|Any CPU.Build.0 = Release|Any CPU
	EndGlobalSection
	GlobalSection(SolutionProperties) = preSolution
		HideSolutionNode = FALSE
	EndGlobalSection
	GlobalSection(ExtensibilityGlobals) = postSolution
		SolutionGuid = {3BB0934C-77DA-42F2-B8A4-4D96A876F49F}
	EndGlobalSection
EndGlobal
